// !$*UTF8*$!
{
	archiveVersion = 1;
	classes = {
	};
	objectVersion = 55;
	objects = {

/* Begin PBXBuildFile section */
		EF5FF4D627FEC17B00744CF4 /* AppDelegate.swift in Sources */ = {isa = PBXBuildFile; fileRef = EF5FF4D527FEC17B00744CF4 /* AppDelegate.swift */; };
		EF5FF4D827FEC17B00744CF4 /* SceneDelegate.swift in Sources */ = {isa = PBXBuildFile; fileRef = EF5FF4D727FEC17B00744CF4 /* SceneDelegate.swift */; };
		EF5FF4DA27FEC17B00744CF4 /* MainVC.swift in Sources */ = {isa = PBXBuildFile; fileRef = EF5FF4D927FEC17B00744CF4 /* MainVC.swift */; };
		EF5FF4DD27FEC17B00744CF4 /* Main.storyboard in Resources */ = {isa = PBXBuildFile; fileRef = EF5FF4DB27FEC17B00744CF4 /* Main.storyboard */; };
		EF5FF4DF27FEC17D00744CF4 /* Assets.xcassets in Resources */ = {isa = PBXBuildFile; fileRef = EF5FF4DE27FEC17D00744CF4 /* Assets.xcassets */; };
		EF5FF4E227FEC17D00744CF4 /* LaunchScreen.storyboard in Resources */ = {isa = PBXBuildFile; fileRef = EF5FF4E027FEC17D00744CF4 /* LaunchScreen.storyboard */; };
		EF5FF4EA27FEE8A500744CF4 /* MainVC-ViewModel.swift in Sources */ = {isa = PBXBuildFile; fileRef = EF5FF4E927FEE8A500744CF4 /* MainVC-ViewModel.swift */; };
		EFCE531B280569EE00A39533 /* CoreDataManager.swift in Sources */ = {isa = PBXBuildFile; fileRef = EFCE531A280569EE00A39533 /* CoreDataManager.swift */; };
		EFCE531F28056A2E00A39533 /* ScoreCounterDatabase.xcdatamodeld in Sources */ = {isa = PBXBuildFile; fileRef = EFCE531D28056A2E00A39533 /* ScoreCounterDatabase.xcdatamodeld */; };
		EFCE532128056BF500A39533 /* AppProperties.swift in Sources */ = {isa = PBXBuildFile; fileRef = EFCE532028056BF500A39533 /* AppProperties.swift */; };
		EFCE5324280573E000A39533 /* UserDefaults.swift in Sources */ = {isa = PBXBuildFile; fileRef = EFCE5323280573E000A39533 /* UserDefaults.swift */; };
/* End PBXBuildFile section */

/* Begin PBXFileReference section */
		EF5FF4D227FEC17B00744CF4 /* ScoreCounterUIKit.app */ = {isa = PBXFileReference; explicitFileType = wrapper.application; includeInIndex = 0; path = ScoreCounterUIKit.app; sourceTree = BUILT_PRODUCTS_DIR; };
		EF5FF4D527FEC17B00744CF4 /* AppDelegate.swift */ = {isa = PBXFileReference; lastKnownFileType = sourcecode.swift; path = AppDelegate.swift; sourceTree = "<group>"; };
		EF5FF4D727FEC17B00744CF4 /* SceneDelegate.swift */ = {isa = PBXFileReference; lastKnownFileType = sourcecode.swift; path = SceneDelegate.swift; sourceTree = "<group>"; };
		EF5FF4D927FEC17B00744CF4 /* MainVC.swift */ = {isa = PBXFileReference; lastKnownFileType = sourcecode.swift; path = MainVC.swift; sourceTree = "<group>"; };
		EF5FF4DC27FEC17B00744CF4 /* Base */ = {isa = PBXFileReference; lastKnownFileType = file.storyboard; name = Base; path = Base.lproj/Main.storyboard; sourceTree = "<group>"; };
		EF5FF4DE27FEC17D00744CF4 /* Assets.xcassets */ = {isa = PBXFileReference; lastKnownFileType = folder.assetcatalog; path = Assets.xcassets; sourceTree = "<group>"; };
		EF5FF4E127FEC17D00744CF4 /* Base */ = {isa = PBXFileReference; lastKnownFileType = file.storyboard; name = Base; path = Base.lproj/LaunchScreen.storyboard; sourceTree = "<group>"; };
		EF5FF4E327FEC17D00744CF4 /* Info.plist */ = {isa = PBXFileReference; lastKnownFileType = text.plist.xml; path = Info.plist; sourceTree = "<group>"; };
		EF5FF4E927FEE8A500744CF4 /* MainVC-ViewModel.swift */ = {isa = PBXFileReference; lastKnownFileType = sourcecode.swift; path = "MainVC-ViewModel.swift"; sourceTree = "<group>"; };
		EFCE531A280569EE00A39533 /* CoreDataManager.swift */ = {isa = PBXFileReference; lastKnownFileType = sourcecode.swift; path = CoreDataManager.swift; sourceTree = "<group>"; };
		EFCE531E28056A2E00A39533 /* ScoreCounterDatabase.xcdatamodel */ = {isa = PBXFileReference; lastKnownFileType = wrapper.xcdatamodel; path = ScoreCounterDatabase.xcdatamodel; sourceTree = "<group>"; };
		EFCE532028056BF500A39533 /* AppProperties.swift */ = {isa = PBXFileReference; lastKnownFileType = sourcecode.swift; path = AppProperties.swift; sourceTree = "<group>"; };
		EFCE5323280573E000A39533 /* UserDefaults.swift */ = {isa = PBXFileReference; lastKnownFileType = sourcecode.swift; path = UserDefaults.swift; sourceTree = "<group>"; };
/* End PBXFileReference section */

/* Begin PBXFrameworksBuildPhase section */
		EF5FF4CF27FEC17B00744CF4 /* Frameworks */ = {
			isa = PBXFrameworksBuildPhase;
			buildActionMask = 2147483647;
			files = (
			);
			runOnlyForDeploymentPostprocessing = 0;
		};
/* End PBXFrameworksBuildPhase section */

/* Begin PBXGroup section */
		EF5FF4C927FEC17B00744CF4 = {
			isa = PBXGroup;
			children = (
				EF5FF4D427FEC17B00744CF4 /* ScoreCounterUIKit */,
				EF5FF4D327FEC17B00744CF4 /* Products */,
			);
			sourceTree = "<group>";
		};
		EF5FF4D327FEC17B00744CF4 /* Products */ = {
			isa = PBXGroup;
			children = (
				EF5FF4D227FEC17B00744CF4 /* ScoreCounterUIKit.app */,
			);
			name = Products;
			sourceTree = "<group>";
		};
		EF5FF4D427FEC17B00744CF4 /* ScoreCounterUIKit */ = {
			isa = PBXGroup;
			children = (
				EF5FF4D527FEC17B00744CF4 /* AppDelegate.swift */,
				EF5FF4D727FEC17B00744CF4 /* SceneDelegate.swift */,
				EFCE531C280569F700A39533 /* Model */,
				EFCE53222805727000A39533 /* View-ViewModel */,
				EFCE53252805A96500A39533 /* Storyboard */,
				EF5FF4DE27FEC17D00744CF4 /* Assets.xcassets */,
				EF5FF4E327FEC17D00744CF4 /* Info.plist */,
			);
			path = ScoreCounterUIKit;
			sourceTree = "<group>";
		};
		EFCE531C280569F700A39533 /* Model */ = {
			isa = PBXGroup;
			children = (
				EFCE532028056BF500A39533 /* AppProperties.swift */,
				EFCE5323280573E000A39533 /* UserDefaults.swift */,
				EFCE531A280569EE00A39533 /* CoreDataManager.swift */,
				EFCE531D28056A2E00A39533 /* ScoreCounterDatabase.xcdatamodeld */,
			);
			path = Model;
			sourceTree = "<group>";
		};
		EFCE53222805727000A39533 /* View-ViewModel */ = {
			isa = PBXGroup;
			children = (
				EF5FF4D927FEC17B00744CF4 /* MainVC.swift */,
				EF5FF4E927FEE8A500744CF4 /* MainVC-ViewModel.swift */,
			);
			path = "View-ViewModel";
			sourceTree = "<group>";
		};
		EFCE53252805A96500A39533 /* Storyboard */ = {
			isa = PBXGroup;
			children = (
				EF5FF4DB27FEC17B00744CF4 /* Main.storyboard */,
				EF5FF4E027FEC17D00744CF4 /* LaunchScreen.storyboard */,
			);
			path = Storyboard;
			sourceTree = "<group>";
		};
/* End PBXGroup section */

/* Begin PBXNativeTarget section */
		EF5FF4D127FEC17B00744CF4 /* ScoreCounterUIKit */ = {
			isa = PBXNativeTarget;
			buildConfigurationList = EF5FF4E627FEC17D00744CF4 /* Build configuration list for PBXNativeTarget "ScoreCounterUIKit" */;
			buildPhases = (
				EF5FF4CE27FEC17B00744CF4 /* Sources */,
				EF5FF4CF27FEC17B00744CF4 /* Frameworks */,
				EF5FF4D027FEC17B00744CF4 /* Resources */,
			);
			buildRules = (
			);
			dependencies = (
			);
			name = ScoreCounterUIKit;
			productName = ScoreCounterUIKit;
			productReference = EF5FF4D227FEC17B00744CF4 /* ScoreCounterUIKit.app */;
			productType = "com.apple.product-type.application";
		};
/* End PBXNativeTarget section */

/* Begin PBXProject section */
		EF5FF4CA27FEC17B00744CF4 /* Project object */ = {
			isa = PBXProject;
			attributes = {
				BuildIndependentTargetsInParallel = 1;
				LastSwiftUpdateCheck = 1320;
				LastUpgradeCheck = 1320;
				TargetAttributes = {
					EF5FF4D127FEC17B00744CF4 = {
						CreatedOnToolsVersion = 13.2.1;
					};
				};
			};
			buildConfigurationList = EF5FF4CD27FEC17B00744CF4 /* Build configuration list for PBXProject "ScoreCounterUIKit" */;
			compatibilityVersion = "Xcode 13.0";
			developmentRegion = en;
			hasScannedForEncodings = 0;
			knownRegions = (
				en,
				Base,
			);
			mainGroup = EF5FF4C927FEC17B00744CF4;
			productRefGroup = EF5FF4D327FEC17B00744CF4 /* Products */;
			projectDirPath = "";
			projectRoot = "";
			targets = (
				EF5FF4D127FEC17B00744CF4 /* ScoreCounterUIKit */,
			);
		};
/* End PBXProject section */

/* Begin PBXResourcesBuildPhase section */
		EF5FF4D027FEC17B00744CF4 /* Resources */ = {
			isa = PBXResourcesBuildPhase;
			buildActionMask = 2147483647;
			files = (
				EF5FF4E227FEC17D00744CF4 /* LaunchScreen.storyboard in Resources */,
				EF5FF4DF27FEC17D00744CF4 /* Assets.xcassets in Resources */,
				EF5FF4DD27FEC17B00744CF4 /* Main.storyboard in Resources */,
			);
			runOnlyForDeploymentPostprocessing = 0;
		};
/* End PBXResourcesBuildPhase section */

/* Begin PBXSourcesBuildPhase section */
		EF5FF4CE27FEC17B00744CF4 /* Sources */ = {
			isa = PBXSourcesBuildPhase;
			buildActionMask = 2147483647;
			files = (
				EF5FF4EA27FEE8A500744CF4 /* MainVC-ViewModel.swift in Sources */,
				EF5FF4DA27FEC17B00744CF4 /* MainVC.swift in Sources */,
				EF5FF4D627FEC17B00744CF4 /* AppDelegate.swift in Sources */,
				EFCE531B280569EE00A39533 /* CoreDataManager.swift in Sources */,
				EFCE5324280573E000A39533 /* UserDefaults.swift in Sources */,
				EFCE531F28056A2E00A39533 /* ScoreCounterDatabase.xcdatamodeld in Sources */,
				EFCE532128056BF500A39533 /* AppProperties.swift in Sources */,
				EF5FF4D827FEC17B00744CF4 /* SceneDelegate.swift in Sources */,
			);
			runOnlyForDeploymentPostprocessing = 0;
		};
/* End PBXSourcesBuildPhase section */

/* Begin PBXVariantGroup section */
		EF5FF4DB27FEC17B00744CF4 /* Main.storyboard */ = {
			isa = PBXVariantGroup;
			children = (
				EF5FF4DC27FEC17B00744CF4 /* Base */,
			);
			name = Main.storyboard;
			sourceTree = "<group>";
		};
		EF5FF4E027FEC17D00744CF4 /* LaunchScreen.storyboard */ = {
			isa = PBXVariantGroup;
			children = (
				EF5FF4E127FEC17D00744CF4 /* Base */,
			);
			name = LaunchScreen.storyboard;
			sourceTree = "<group>";
		};
/* End PBXVariantGroup section */

/* Begin XCBuildConfiguration section */
		EF5FF4E427FEC17D00744CF4 /* Debug */ = {
			isa = XCBuildConfiguration;
			buildSettings = {
				ALWAYS_SEARCH_USER_PATHS = NO;
				CLANG_ANALYZER_NONNULL = YES;
				CLANG_ANALYZER_NUMBER_OBJECT_CONVERSION = YES_AGGRESSIVE;
				CLANG_CXX_LANGUAGE_STANDARD = "gnu++17";
				CLANG_CXX_LIBRARY = "libc++";
				CLANG_ENABLE_MODULES = YES;
				CLANG_ENABLE_OBJC_ARC = YES;
				CLANG_ENABLE_OBJC_WEAK = YES;
				CLANG_WARN_BLOCK_CAPTURE_AUTORELEASING = YES;
				CLANG_WARN_BOOL_CONVERSION = YES;
				CLANG_WARN_COMMA = YES;
				CLANG_WARN_CONSTANT_CONVERSION = YES;
				CLANG_WARN_DEPRECATED_OBJC_IMPLEMENTATIONS = YES;
				CLANG_WARN_DIRECT_OBJC_ISA_USAGE = YES_ERROR;
				CLANG_WARN_DOCUMENTATION_COMMENTS = YES;
				CLANG_WARN_EMPTY_BODY = YES;
				CLANG_WARN_ENUM_CONVERSION = YES;
				CLANG_WARN_INFINITE_RECURSION = YES;
				CLANG_WARN_INT_CONVERSION = YES;
				CLANG_WARN_NON_LITERAL_NULL_CONVERSION = YES;
				CLANG_WARN_OBJC_IMPLICIT_RETAIN_SELF = YES;
				CLANG_WARN_OBJC_LITERAL_CONVERSION = YES;
				CLANG_WARN_OBJC_ROOT_CLASS = YES_ERROR;
				CLANG_WARN_QUOTED_INCLUDE_IN_FRAMEWORK_HEADER = YES;
				CLANG_WARN_RANGE_LOOP_ANALYSIS = YES;
				CLANG_WARN_STRICT_PROTOTYPES = YES;
				CLANG_WARN_SUSPICIOUS_MOVE = YES;
				CLANG_WARN_UNGUARDED_AVAILABILITY = YES_AGGRESSIVE;
				CLANG_WARN_UNREACHABLE_CODE = YES;
				CLANG_WARN__DUPLICATE_METHOD_MATCH = YES;
				COPY_PHASE_STRIP = NO;
				DEBUG_INFORMATION_FORMAT = dwarf;
				ENABLE_STRICT_OBJC_MSGSEND = YES;
				ENABLE_TESTABILITY = YES;
				GCC_C_LANGUAGE_STANDARD = gnu11;
				GCC_DYNAMIC_NO_PIC = NO;
				GCC_NO_COMMON_BLOCKS = YES;
				GCC_OPTIMIZATION_LEVEL = 0;
				GCC_PREPROCESSOR_DEFINITIONS = (
					"DEBUG=1",
					"$(inherited)",
				);
				GCC_WARN_64_TO_32_BIT_CONVERSION = YES;
				GCC_WARN_ABOUT_RETURN_TYPE = YES_ERROR;
				GCC_WARN_UNDECLARED_SELECTOR = YES;
				GCC_WARN_UNINITIALIZED_AUTOS = YES_AGGRESSIVE;
				GCC_WARN_UNUSED_FUNCTION = YES;
				GCC_WARN_UNUSED_VARIABLE = YES;
				IPHONEOS_DEPLOYMENT_TARGET = 15.2;
				MTL_ENABLE_DEBUG_INFO = INCLUDE_SOURCE;
				MTL_FAST_MATH = YES;
				ONLY_ACTIVE_ARCH = YES;
				SDKROOT = iphoneos;
				SWIFT_ACTIVE_COMPILATION_CONDITIONS = DEBUG;
				SWIFT_OPTIMIZATION_LEVEL = "-Onone";
			};
			name = Debug;
		};
		EF5FF4E527FEC17D00744CF4 /* Release */ = {
			isa = XCBuildConfiguration;
			buildSettings = {
				ALWAYS_SEARCH_USER_PATHS = NO;
				CLANG_ANALYZER_NONNULL = YES;
				CLANG_ANALYZER_NUMBER_OBJECT_CONVERSION = YES_AGGRESSIVE;
				CLANG_CXX_LANGUAGE_STANDARD = "gnu++17";
				CLANG_CXX_LIBRARY = "libc++";
				CLANG_ENABLE_MODULES = YES;
				CLANG_ENABLE_OBJC_ARC = YES;
				CLANG_ENABLE_OBJC_WEAK = YES;
				CLANG_WARN_BLOCK_CAPTURE_AUTORELEASING = YES;
				CLANG_WARN_BOOL_CONVERSION = YES;
				CLANG_WARN_COMMA = YES;
				CLANG_WARN_CONSTANT_CONVERSION = YES;
				CLANG_WARN_DEPRECATED_OBJC_IMPLEMENTATIONS = YES;
				CLANG_WARN_DIRECT_OBJC_ISA_USAGE = YES_ERROR;
				CLANG_WARN_DOCUMENTATION_COMMENTS = YES;
				CLANG_WARN_EMPTY_BODY = YES;
				CLANG_WARN_ENUM_CONVERSION = YES;
				CLANG_WARN_INFINITE_RECURSION = YES;
				CLANG_WARN_INT_CONVERSION = YES;
				CLANG_WARN_NON_LITERAL_NULL_CONVERSION = YES;
				CLANG_WARN_OBJC_IMPLICIT_RETAIN_SELF = YES;
				CLANG_WARN_OBJC_LITERAL_CONVERSION = YES;
				CLANG_WARN_OBJC_ROOT_CLASS = YES_ERROR;
				CLANG_WARN_QUOTED_INCLUDE_IN_FRAMEWORK_HEADER = YES;
				CLANG_WARN_RANGE_LOOP_ANALYSIS = YES;
				CLANG_WARN_STRICT_PROTOTYPES = YES;
				CLANG_WARN_SUSPICIOUS_MOVE = YES;
				CLANG_WARN_UNGUARDED_AVAILABILITY = YES_AGGRESSIVE;
				CLANG_WARN_UNREACHABLE_CODE = YES;
				CLANG_WARN__DUPLICATE_METHOD_MATCH = YES;
				COPY_PHASE_STRIP = NO;
				DEBUG_INFORMATION_FORMAT = "dwarf-with-dsym";
				ENABLE_NS_ASSERTIONS = NO;
				ENABLE_STRICT_OBJC_MSGSEND = YES;
				GCC_C_LANGUAGE_STANDARD = gnu11;
				GCC_NO_COMMON_BLOCKS = YES;
				GCC_WARN_64_TO_32_BIT_CONVERSION = YES;
				GCC_WARN_ABOUT_RETURN_TYPE = YES_ERROR;
				GCC_WARN_UNDECLARED_SELECTOR = YES;
				GCC_WARN_UNINITIALIZED_AUTOS = YES_AGGRESSIVE;
				GCC_WARN_UNUSED_FUNCTION = YES;
				GCC_WARN_UNUSED_VARIABLE = YES;
				IPHONEOS_DEPLOYMENT_TARGET = 15.2;
				MTL_ENABLE_DEBUG_INFO = NO;
				MTL_FAST_MATH = YES;
				SDKROOT = iphoneos;
				SWIFT_COMPILATION_MODE = wholemodule;
				SWIFT_OPTIMIZATION_LEVEL = "-O";
				VALIDATE_PRODUCT = YES;
			};
			name = Release;
		};
		EF5FF4E727FEC17D00744CF4 /* Debug */ = {
			isa = XCBuildConfiguration;
			buildSettings = {
				ASSETCATALOG_COMPILER_APPICON_NAME = AppIcon;
				ASSETCATALOG_COMPILER_GLOBAL_ACCENT_COLOR_NAME = AccentColor;
				CODE_SIGN_STYLE = Automatic;
				CURRENT_PROJECT_VERSION = 1;
				DEVELOPMENT_TEAM = 327VRPC969;
				GENERATE_INFOPLIST_FILE = YES;
				INFOPLIST_FILE = ScoreCounterUIKit/Info.plist;
				INFOPLIST_KEY_UIApplicationSupportsIndirectInputEvents = YES;
				INFOPLIST_KEY_UILaunchStoryboardName = LaunchScreen;
				INFOPLIST_KEY_UIMainStoryboardFile = Main;
				INFOPLIST_KEY_UISupportedInterfaceOrientations = UIInterfaceOrientationPortrait;
				INFOPLIST_KEY_UISupportedInterfaceOrientations_iPad = "UIInterfaceOrientationPortrait UIInterfaceOrientationPortraitUpsideDown UIInterfaceOrientationLandscapeLeft UIInterfaceOrientationLandscapeRight";
				INFOPLIST_KEY_UISupportedInterfaceOrientations_iPhone = "UIInterfaceOrientationPortrait UIInterfaceOrientationLandscapeLeft UIInterfaceOrientationLandscapeRight";
				LD_RUNPATH_SEARCH_PATHS = (
					"$(inherited)",
					"@executable_path/Frameworks",
				);
				MARKETING_VERSION = 1.1;
				PRODUCT_BUNDLE_IDENTIFIER = iApp.ScoreCounterUIKit;
				PRODUCT_NAME = "$(TARGET_NAME)";
				SWIFT_EMIT_LOC_STRINGS = YES;
				SWIFT_VERSION = 5.0;
				TARGETED_DEVICE_FAMILY = "1,2";
			};
			name = Debug;
		};
		EF5FF4E827FEC17D00744CF4 /* Release */ = {
			isa = XCBuildConfiguration;
			buildSettings = {
				ASSETCATALOG_COMPILER_APPICON_NAME = AppIcon;
				ASSETCATALOG_COMPILER_GLOBAL_ACCENT_COLOR_NAME = AccentColor;
				CODE_SIGN_STYLE = Automatic;
				CURRENT_PROJECT_VERSION = 1;
				DEVELOPMENT_TEAM = 327VRPC969;
				GENERATE_INFOPLIST_FILE = YES;
				INFOPLIST_FILE = ScoreCounterUIKit/Info.plist;
				INFOPLIST_KEY_UIApplicationSupportsIndirectInputEvents = YES;
				INFOPLIST_KEY_UILaunchStoryboardName = LaunchScreen;
				INFOPLIST_KEY_UIMainStoryboardFile = Main;
				INFOPLIST_KEY_UISupportedInterfaceOrientations = UIInterfaceOrientationPortrait;
				INFOPLIST_KEY_UISupportedInterfaceOrientations_iPad = "UIInterfaceOrientationPortrait UIInterfaceOrientationPortraitUpsideDown UIInterfaceOrientationLandscapeLeft UIInterfaceOrientationLandscapeRight";
				INFOPLIST_KEY_UISupportedInterfaceOrientations_iPhone = "UIInterfaceOrientationPortrait UIInterfaceOrientationLandscapeLeft UIInterfaceOrientationLandscapeRight";
				LD_RUNPATH_SEARCH_PATHS = (
					"$(inherited)",
					"@executable_path/Frameworks",
				);
				MARKETING_VERSION = 1.1;
				PRODUCT_BUNDLE_IDENTIFIER = iApp.ScoreCounterUIKit;
				PRODUCT_NAME = "$(TARGET_NAME)";
				SWIFT_EMIT_LOC_STRINGS = YES;
				SWIFT_VERSION = 5.0;
				TARGETED_DEVICE_FAMILY = "1,2";
			};
			name = Release;
		};
/* End XCBuildConfiguration section */

/* Begin XCConfigurationList section */
		EF5FF4CD27FEC17B00744CF4 /* Build configuration list for PBXProject "ScoreCounterUIKit" */ = {
			isa = XCConfigurationList;
			buildConfigurations = (
				EF5FF4E427FEC17D00744CF4 /* Debug */,
				EF5FF4E527FEC17D00744CF4 /* Release */,
			);
			defaultConfigurationIsVisible = 0;
			defaultConfigurationName = Release;
		};
		EF5FF4E627FEC17D00744CF4 /* Build configuration list for PBXNativeTarget "ScoreCounterUIKit" */ = {
			isa = XCConfigurationList;
			buildConfigurations = (
				EF5FF4E727FEC17D00744CF4 /* Debug */,
				EF5FF4E827FEC17D00744CF4 /* Release */,
			);
			defaultConfigurationIsVisible = 0;
			defaultConfigurationName = Release;
		};
/* End XCConfigurationList section */

/* Begin XCVersionGroup section */
		EFCE531D28056A2E00A39533 /* ScoreCounterDatabase.xcdatamodeld */ = {
			isa = XCVersionGroup;
			children = (
				EFCE531E28056A2E00A39533 /* ScoreCounterDatabase.xcdatamodel */,
			);
			currentVersion = EFCE531E28056A2E00A39533 /* ScoreCounterDatabase.xcdatamodel */;
			path = ScoreCounterDatabase.xcdatamodeld;
			sourceTree = "<group>";
			versionGroupType = wrapper.xcdatamodel;
		};
/* End XCVersionGroup section */
	};
	rootObject = EF5FF4CA27FEC17B00744CF4 /* Project object */;
}
